<?xml version="1.0" encoding="utf-8"?>
<Project ToolsVersion="4.0" xmlns="http://schemas.microsoft.com/developer/msbuild/2003">
  <ItemGroup>
    <Filter Include="Source Files">
      <UniqueIdentifier>{4FC737F1-C7A5-4376-A066-2A32D752A2FF}</UniqueIdentifier>
      <Extensions>cpp;c;cc;cxx;def;odl;idl;hpj;bat;asm;asmx</Extensions>
    </Filter>
    <Filter Include="Header Files">
      <UniqueIdentifier>{93995380-89BD-4b04-88EB-625FBE52EBFB}</UniqueIdentifier>
      <Extensions>h;hh;hpp;hxx;hm;inl;inc;ipp;xsd</Extensions>
    </Filter>
    <Filter Include="Resource Files">
      <UniqueIdentifier>{67DA6AB6-F800-4c08-8B7A-83BB121AAD01}</UniqueIdentifier>
      <Extensions>rc;ico;cur;bmp;dlg;rc2;rct;bin;rgs;gif;jpg;jpeg;jpe;resx;tiff;tif;png;wav;mfcribbon-ms</Extensions>
    </Filter>
    <Filter Include="Configuration">
      <UniqueIdentifier>{b4af127c-7dbd-4872-b588-e7316985f390}</UniqueIdentifier>
    </Filter>
  </ItemGroup>
  <ItemGroup>
    <ClInclude Include="StepEditor.h">
      <Filter>Header Files</Filter>
    </ClInclude>
    <ClInclude Include="StepEditorDlg.h">
      <Filter>Header Files</Filter>
    </ClInclude>
    <ClInclude Include="Resource.h">
      <Filter>Header Files</Filter>
    </ClInclude>
    <ClInclude Include="ParametersDlg.h">
      <Filter>Header Files</Filter>
    </ClInclude>
    <ClInclude Include="InputDlg.h">
      <Filter>Header Files</Filter>
    </ClInclude>
    <ClInclude Include="OutputDlg.h">
      <Filter>Header Files</Filter>
    </ClInclude>
    <ClInclude Include="EnvironmentDlg.h">
      <Filter>Header Files</Filter>
    </ClInclude>
    <ClInclude Include="StepInternetDlg.h">
      <Filter>Header Files</Filter>
    </ClInclude>
    <ClInclude Include="RequestDlg.h">
      <Filter>Header Files</Filter>
    </ClInclude>
    <ClInclude Include="URLParameterDlg.h">
      <Filter>Header Files</Filter>
    </ClInclude>
    <ClInclude Include="UrlHeaderDlg.h">
      <Filter>Header Files</Filter>
    </ClInclude>
    <ClInclude Include="RawRequestDlg.h">
      <Filter>Header Files</Filter>
    </ClInclude>
    <ClInclude Include="AuthenticateDlg.h">
      <Filter>Header Files</Filter>
    </ClInclude>
    <ClInclude Include="ResponseDlg.h">
      <Filter>Header Files</Filter>
    </ClInclude>
    <ClInclude Include="RespHeadersDlg.h">
      <Filter>Header Files</Filter>
    </ClInclude>
    <ClInclude Include="RawResponseDlg.h">
      <Filter>Header Files</Filter>
    </ClInclude>
    <ClInclude Include="TimingDlg.h">
      <Filter>Header Files</Filter>
    </ClInclude>
    <ClInclude Include="stdafx.h">
      <Filter>Configuration</Filter>
    </ClInclude>
    <ClInclude Include="targetver.h">
      <Filter>Configuration</Filter>
    </ClInclude>
    <ClInclude Include="framework.h">
      <Filter>Configuration</Filter>
    </ClInclude>
    <ClInclude Include="FormDataDlg.h">
      <Filter>Header Files</Filter>
    </ClInclude>
    <ClInclude Include="MultiPartDlg.h">
      <Filter>Header Files</Filter>
    </ClInclude>
  </ItemGroup>
  <ItemGroup>
    <ClCompile Include="StepEditor.cpp">
      <Filter>Source Files</Filter>
    </ClCompile>
    <ClCompile Include="StepEditorDlg.cpp">
      <Filter>Source Files</Filter>
    </ClCompile>
    <ClCompile Include="stdafx.cpp">
      <Filter>Source Files</Filter>
    </ClCompile>
    <ClCompile Include="ParametersDlg.cpp">
      <Filter>Source Files</Filter>
    </ClCompile>
    <ClCompile Include="InputDlg.cpp">
      <Filter>Source Files</Filter>
    </ClCompile>
    <ClCompile Include="OutputDlg.cpp">
      <Filter>Source Files</Filter>
    </ClCompile>
    <ClCompile Include="EnvironmentDlg.cpp">
      <Filter>Source Files</Filter>
    </ClCompile>
    <ClCompile Include="StepInternetDlg.cpp">
      <Filter>Source Files</Filter>
    </ClCompile>
    <ClCompile Include="RequestDlg.cpp">
      <Filter>Source Files</Filter>
    </ClCompile>
    <ClCompile Include="URLParameterDlg.cpp">
      <Filter>Source Files</Filter>
    </ClCompile>
    <ClCompile Include="UrlHeaderDlg.cpp">
      <Filter>Source Files</Filter>
    </ClCompile>
    <ClCompile Include="RawRequestDlg.cpp">
      <Filter>Source Files</Filter>
    </ClCompile>
    <ClCompile Include="AuthenticateDlg.cpp">
      <Filter>Source Files</Filter>
    </ClCompile>
    <ClCompile Include="ResponseDlg.cpp">
      <Filter>Source Files</Filter>
    </ClCompile>
    <ClCompile Include="RespHeadersDlg.cpp">
      <Filter>Source Files</Filter>
    </ClCompile>
    <ClCompile Include="RawResponseDlg.cpp">
      <Filter>Source Files</Filter>
    </ClCompile>
    <ClCompile Include="TimingDlg.cpp">
      <Filter>Source Files</Filter>
    </ClCompile>
    <ClCompile Include="FormDataDlg.cpp">
      <Filter>Source Files</Filter>
    </ClCompile>
    <ClCompile Include="MultiPartDlg.cpp">
      <Filter>Source Files</Filter>
    </ClCompile>
  </ItemGroup>
  <ItemGroup>
    <ResourceCompile Include="StepEditor.rc">
      <Filter>Resource Files</Filter>
    </ResourceCompile>
  </ItemGroup>
  <ItemGroup>
    <None Include="res\StepEditor.rc2">
      <Filter>Resource Files</Filter>
    </None>
    <None Include="test.xrun">
      <Filter>Resource Files</Filter>
    </None>
    <None Include="test.xpar">
      <Filter>Resource Files</Filter>
    </None>
    <None Include="test.xval">
      <Filter>Resource Files</Filter>
    </None>
    <None Include="Parameters.xpar">
      <Filter>Resource Files</Filter>
    </None>
  </ItemGroup>
  <ItemGroup>
    <Image Include="res\StepEditor.ico">
      <Filter>Resource Files</Filter>
    </Image>
    <Image Include="res\List.ico">
      <Filter>Resource Files</Filter>
    </Image>
    <Image Include="res\Return.ico">
      <Filter>Resource Files</Filter>
    </Image>
    <Image Include="res\Clear.ico">
      <Filter>Resource Files</Filter>
    </Image>
    <Image Include="res\Check.ico">
      <Filter>Resource Files</Filter>
    </Image>
    <Image Include="res\run.ico">
      <Filter>Resource Files</Filter>
    </Image>
    <Image Include="res\new.ico">
      <Filter>Resource Files</Filter>
    </Image>
    <Image Include="res\remove.ico">
      <Filter>Resource Files</Filter>
    </Image>
    <Image Include="res\icon2.ico">
      <Filter>Resource Files</Filter>
    </Image>
    <Image Include="res\Earth.ico">
      <Filter>Resource Files</Filter>
    </Image>
  </ItemGroup>
</Project>