
Microsoft Visual Studio Solution File, Format Version 12.00
# Visual Studio Version 17
VisualStudioVersion = 17.0.32014.148
MinimumVisualStudioVersion = 10.0.40219.1
Project("{8BC9CEB8-8B4A-11D0-8D11-00A0C91BC942}") = "Kwatta", "Kwatta\Kwatta.vcxproj", "{8486662C-75C1-4CFC-804B-C2ED100FCF84}"
	ProjectSection(ProjectDependencies) = postProject
		{9DDAC601-CBD3-4583-AE16-308EBD39AAAD} = {9DDAC601-CBD3-4583-AE16-308EBD39AAAD}
		{3CC23320-1FF0-41AF-9F3A-960C5F657C81} = {3CC23320-1FF0-41AF-9F3A-960C5F657C81}
		{2364C44B-2E4D-4631-A050-B47509AFBC82} = {2364C44B-2E4D-4631-A050-B47509AFBC82}
		{E1E66761-C427-4CB6-8084-2A50B208AE80} = {E1E66761-C427-4CB6-8084-2A50B208AE80}
	EndProjectSection
EndProject
Project("{8BC9CEB8-8B4A-11D0-8D11-00A0C91BC942}") = "StepEditor", "StepEditor\StepEditor.vcxproj", "{C7780697-AF58-4E15-8435-18D1770DF892}"
	ProjectSection(ProjectDependencies) = postProject
		{9DDAC601-CBD3-4583-AE16-308EBD39AAAD} = {9DDAC601-CBD3-4583-AE16-308EBD39AAAD}
		{3CC23320-1FF0-41AF-9F3A-960C5F657C81} = {3CC23320-1FF0-41AF-9F3A-960C5F657C81}
		{2364C44B-2E4D-4631-A050-B47509AFBC82} = {2364C44B-2E4D-4631-A050-B47509AFBC82}
		{E1E66761-C427-4CB6-8084-2A50B208AE80} = {E1E66761-C427-4CB6-8084-2A50B208AE80}
	EndProjectSection
EndProject
Project("{8BC9CEB8-8B4A-11D0-8D11-00A0C91BC942}") = "SuiteLibrary", "SuiteLibrary\SuiteLibrary.vcxproj", "{E1E66761-C427-4CB6-8084-2A50B208AE80}"
	ProjectSection(ProjectDependencies) = postProject
		{9DDAC601-CBD3-4583-AE16-308EBD39AAAD} = {9DDAC601-CBD3-4583-AE16-308EBD39AAAD}
	EndProjectSection
EndProject
Project("{2150E333-8FDC-42A3-9474-1A3956D46DE8}") = "Solution Items", "Solution Items", "{F58A8F79-5E64-4531-8D18-7FAFDA345C46}"
	ProjectSection(SolutionItems) = preProject
		Ateles_paniscus.jpg = Ateles_paniscus.jpg
		framework.h = framework.h
		License.md = License.md
		Documentation\Releasenotes.txt = Documentation\Releasenotes.txt
		TheName.md = TheName.md
	EndProjectSection
EndProject
Project("{8BC9CEB8-8B4A-11D0-8D11-00A0C91BC942}") = "ValidateEditor", "ValidateEditor\ValidateEditor.vcxproj", "{85B1D84F-4A0A-41DD-9CF0-7187CBB94EB7}"
	ProjectSection(ProjectDependencies) = postProject
		{9DDAC601-CBD3-4583-AE16-308EBD39AAAD} = {9DDAC601-CBD3-4583-AE16-308EBD39AAAD}
		{3CC23320-1FF0-41AF-9F3A-960C5F657C81} = {3CC23320-1FF0-41AF-9F3A-960C5F657C81}
		{2364C44B-2E4D-4631-A050-B47509AFBC82} = {2364C44B-2E4D-4631-A050-B47509AFBC82}
		{E1E66761-C427-4CB6-8084-2A50B208AE80} = {E1E66761-C427-4CB6-8084-2A50B208AE80}
	EndProjectSection
EndProject
Project("{8BC9CEB8-8B4A-11D0-8D11-00A0C91BC942}") = "ResultViewer", "ResultViewer\ResultViewer.vcxproj", "{3A7593D9-9351-4CA4-886A-D42DD702171F}"
	ProjectSection(ProjectDependencies) = postProject
		{9DDAC601-CBD3-4583-AE16-308EBD39AAAD} = {9DDAC601-CBD3-4583-AE16-308EBD39AAAD}
		{3CC23320-1FF0-41AF-9F3A-960C5F657C81} = {3CC23320-1FF0-41AF-9F3A-960C5F657C81}
		{2364C44B-2E4D-4631-A050-B47509AFBC82} = {2364C44B-2E4D-4631-A050-B47509AFBC82}
		{E1E66761-C427-4CB6-8084-2A50B208AE80} = {E1E66761-C427-4CB6-8084-2A50B208AE80}
	EndProjectSection
EndProject
Project("{8BC9CEB8-8B4A-11D0-8D11-00A0C91BC942}") = "TestRunner", "TestRunner\TestRunner.vcxproj", "{7764E00F-6652-427E-8D19-25526E055489}"
	ProjectSection(ProjectDependencies) = postProject
		{9DDAC601-CBD3-4583-AE16-308EBD39AAAD} = {9DDAC601-CBD3-4583-AE16-308EBD39AAAD}
		{3CC23320-1FF0-41AF-9F3A-960C5F657C81} = {3CC23320-1FF0-41AF-9F3A-960C5F657C81}
		{2364C44B-2E4D-4631-A050-B47509AFBC82} = {2364C44B-2E4D-4631-A050-B47509AFBC82}
		{E1E66761-C427-4CB6-8084-2A50B208AE80} = {E1E66761-C427-4CB6-8084-2A50B208AE80}
	EndProjectSection
EndProject
Project("{8BC9CEB8-8B4A-11D0-8D11-00A0C91BC942}") = "TestEditor", "TestEditor\TestEditor.vcxproj", "{2487F2A1-3612-42E9-81E3-810331D55402}"
	ProjectSection(ProjectDependencies) = postProject
		{9DDAC601-CBD3-4583-AE16-308EBD39AAAD} = {9DDAC601-CBD3-4583-AE16-308EBD39AAAD}
		{3CC23320-1FF0-41AF-9F3A-960C5F657C81} = {3CC23320-1FF0-41AF-9F3A-960C5F657C81}
		{2364C44B-2E4D-4631-A050-B47509AFBC82} = {2364C44B-2E4D-4631-A050-B47509AFBC82}
		{E1E66761-C427-4CB6-8084-2A50B208AE80} = {E1E66761-C427-4CB6-8084-2A50B208AE80}
	EndProjectSection
EndProject
Project("{8BC9CEB8-8B4A-11D0-8D11-00A0C91BC942}") = "StyleFramework", "StyleFramework\StyleFramework.vcxproj", "{9DDAC601-CBD3-4583-AE16-308EBD39AAAD}"
EndProject
Project("{8BC9CEB8-8B4A-11D0-8D11-00A0C91BC942}") = "Marlin", "Marlin\Marlin.vcxproj", "{3CC23320-1FF0-41AF-9F3A-960C5F657C81}"
	ProjectSection(ProjectDependencies) = postProject
		{2364C44B-2E4D-4631-A050-B47509AFBC82} = {2364C44B-2E4D-4631-A050-B47509AFBC82}
	EndProjectSection
EndProject
Project("{8BC9CEB8-8B4A-11D0-8D11-00A0C91BC942}") = "Installer", "Installer\Installer.vcxproj", "{0682EB9B-E7F0-49C4-A7C9-0BBAF31591ED}"
	ProjectSection(ProjectDependencies) = postProject
		{9DDAC601-CBD3-4583-AE16-308EBD39AAAD} = {9DDAC601-CBD3-4583-AE16-308EBD39AAAD}
		{7764E00F-6652-427E-8D19-25526E055489} = {7764E00F-6652-427E-8D19-25526E055489}
		{3CC23320-1FF0-41AF-9F3A-960C5F657C81} = {3CC23320-1FF0-41AF-9F3A-960C5F657C81}
		{8486662C-75C1-4CFC-804B-C2ED100FCF84} = {8486662C-75C1-4CFC-804B-C2ED100FCF84}
		{85B1D84F-4A0A-41DD-9CF0-7187CBB94EB7} = {85B1D84F-4A0A-41DD-9CF0-7187CBB94EB7}
		{E1E66761-C427-4CB6-8084-2A50B208AE80} = {E1E66761-C427-4CB6-8084-2A50B208AE80}
		{C7780697-AF58-4E15-8435-18D1770DF892} = {C7780697-AF58-4E15-8435-18D1770DF892}
		{2487F2A1-3612-42E9-81E3-810331D55402} = {2487F2A1-3612-42E9-81E3-810331D55402}
		{3A7593D9-9351-4CA4-886A-D42DD702171F} = {3A7593D9-9351-4CA4-886A-D42DD702171F}
	EndProjectSection
EndProject
Project("{8BC9CEB8-8B4A-11D0-8D11-00A0C91BC942}") = "BaseLibrary", "BaseLibrary\BaseLibrary.vcxproj", "{2364C44B-2E4D-4631-A050-B47509AFBC82}"
EndProject
Global
	GlobalSection(SolutionConfigurationPlatforms) = preSolution
		Debug|x64 = Debug|x64
		Debug|x86 = Debug|x86
		Release|x64 = Release|x64
		Release|x86 = Release|x86
	EndGlobalSection
	GlobalSection(ProjectConfigurationPlatforms) = postSolution
		{8486662C-75C1-4CFC-804B-C2ED100FCF84}.Debug|x64.ActiveCfg = Debug|x64
		{8486662C-75C1-4CFC-804B-C2ED100FCF84}.Debug|x64.Build.0 = Debug|x64
		{8486662C-75C1-4CFC-804B-C2ED100FCF84}.Debug|x86.ActiveCfg = Debug|x64
		{8486662C-75C1-4CFC-804B-C2ED100FCF84}.Debug|x86.Build.0 = Debug|x64
		{8486662C-75C1-4CFC-804B-C2ED100FCF84}.Release|x64.ActiveCfg = Release|x64
		{8486662C-75C1-4CFC-804B-C2ED100FCF84}.Release|x64.Build.0 = Release|x64
		{8486662C-75C1-4CFC-804B-C2ED100FCF84}.Release|x86.ActiveCfg = Release|x64
		{8486662C-75C1-4CFC-804B-C2ED100FCF84}.Release|x86.Build.0 = Release|x64
		{C7780697-AF58-4E15-8435-18D1770DF892}.Debug|x64.ActiveCfg = Debug|x64
		{C7780697-AF58-4E15-8435-18D1770DF892}.Debug|x64.Build.0 = Debug|x64
		{C7780697-AF58-4E15-8435-18D1770DF892}.Debug|x86.ActiveCfg = Debug|x64
		{C7780697-AF58-4E15-8435-18D1770DF892}.Debug|x86.Build.0 = Debug|x64
		{C7780697-AF58-4E15-8435-18D1770DF892}.Release|x64.ActiveCfg = Release|x64
		{C7780697-AF58-4E15-8435-18D1770DF892}.Release|x64.Build.0 = Release|x64
		{C7780697-AF58-4E15-8435-18D1770DF892}.Release|x86.ActiveCfg = Release|x64
		{C7780697-AF58-4E15-8435-18D1770DF892}.Release|x86.Build.0 = Release|x64
		{E1E66761-C427-4CB6-8084-2A50B208AE80}.Debug|x64.ActiveCfg = Debug|x64
		{E1E66761-C427-4CB6-8084-2A50B208AE80}.Debug|x64.Build.0 = Debug|x64
		{E1E66761-C427-4CB6-8084-2A50B208AE80}.Debug|x86.ActiveCfg = Debug|x64
		{E1E66761-C427-4CB6-8084-2A50B208AE80}.Debug|x86.Build.0 = Debug|x64
		{E1E66761-C427-4CB6-8084-2A50B208AE80}.Release|x64.ActiveCfg = Release|x64
		{E1E66761-C427-4CB6-8084-2A50B208AE80}.Release|x64.Build.0 = Release|x64
		{E1E66761-C427-4CB6-8084-2A50B208AE80}.Release|x86.ActiveCfg = Release|x64
		{E1E66761-C427-4CB6-8084-2A50B208AE80}.Release|x86.Build.0 = Release|x64
		{85B1D84F-4A0A-41DD-9CF0-7187CBB94EB7}.Debug|x64.ActiveCfg = Debug|x64
		{85B1D84F-4A0A-41DD-9CF0-7187CBB94EB7}.Debug|x64.Build.0 = Debug|x64
		{85B1D84F-4A0A-41DD-9CF0-7187CBB94EB7}.Debug|x86.ActiveCfg = Debug|x64
		{85B1D84F-4A0A-41DD-9CF0-7187CBB94EB7}.Debug|x86.Build.0 = Debug|x64
		{85B1D84F-4A0A-41DD-9CF0-7187CBB94EB7}.Release|x64.ActiveCfg = Release|x64
		{85B1D84F-4A0A-41DD-9CF0-7187CBB94EB7}.Release|x64.Build.0 = Release|x64
		{85B1D84F-4A0A-41DD-9CF0-7187CBB94EB7}.Release|x86.ActiveCfg = Release|x64
		{85B1D84F-4A0A-41DD-9CF0-7187CBB94EB7}.Release|x86.Build.0 = Release|x64
		{3A7593D9-9351-4CA4-886A-D42DD702171F}.Debug|x64.ActiveCfg = Debug|x64
		{3A7593D9-9351-4CA4-886A-D42DD702171F}.Debug|x64.Build.0 = Debug|x64
		{3A7593D9-9351-4CA4-886A-D42DD702171F}.Debug|x86.ActiveCfg = Debug|x64
		{3A7593D9-9351-4CA4-886A-D42DD702171F}.Debug|x86.Build.0 = Debug|x64
		{3A7593D9-9351-4CA4-886A-D42DD702171F}.Release|x64.ActiveCfg = Release|x64
		{3A7593D9-9351-4CA4-886A-D42DD702171F}.Release|x64.Build.0 = Release|x64
		{3A7593D9-9351-4CA4-886A-D42DD702171F}.Release|x86.ActiveCfg = Release|x64
		{3A7593D9-9351-4CA4-886A-D42DD702171F}.Release|x86.Build.0 = Release|x64
		{7764E00F-6652-427E-8D19-25526E055489}.Debug|x64.ActiveCfg = Debug|x64
		{7764E00F-6652-427E-8D19-25526E055489}.Debug|x64.Build.0 = Debug|x64
		{7764E00F-6652-427E-8D19-25526E055489}.Debug|x86.ActiveCfg = Debug|x64
		{7764E00F-6652-427E-8D19-25526E055489}.Debug|x86.Build.0 = Debug|x64
		{7764E00F-6652-427E-8D19-25526E055489}.Release|x64.ActiveCfg = Release|x64
		{7764E00F-6652-427E-8D19-25526E055489}.Release|x64.Build.0 = Release|x64
		{7764E00F-6652-427E-8D19-25526E055489}.Release|x86.ActiveCfg = Release|x64
		{7764E00F-6652-427E-8D19-25526E055489}.Release|x86.Build.0 = Release|x64
		{2487F2A1-3612-42E9-81E3-810331D55402}.Debug|x64.ActiveCfg = Debug|x64
		{2487F2A1-3612-42E9-81E3-810331D55402}.Debug|x64.Build.0 = Debug|x64
		{2487F2A1-3612-42E9-81E3-810331D55402}.Debug|x86.ActiveCfg = Debug|x64
		{2487F2A1-3612-42E9-81E3-810331D55402}.Debug|x86.Build.0 = Debug|x64
		{2487F2A1-3612-42E9-81E3-810331D55402}.Release|x64.ActiveCfg = Release|x64
		{2487F2A1-3612-42E9-81E3-810331D55402}.Release|x64.Build.0 = Release|x64
		{2487F2A1-3612-42E9-81E3-810331D55402}.Release|x86.ActiveCfg = Release|x64
		{2487F2A1-3612-42E9-81E3-810331D55402}.Release|x86.Build.0 = Release|x64
		{9DDAC601-CBD3-4583-AE16-308EBD39AAAD}.Debug|x64.ActiveCfg = Debug|x64
		{9DDAC601-CBD3-4583-AE16-308EBD39AAAD}.Debug|x64.Build.0 = Debug|x64
		{9DDAC601-CBD3-4583-AE16-308EBD39AAAD}.Debug|x86.ActiveCfg = Debug|x64
		{9DDAC601-CBD3-4583-AE16-308EBD39AAAD}.Debug|x86.Build.0 = Debug|x64
		{9DDAC601-CBD3-4583-AE16-308EBD39AAAD}.Release|x64.ActiveCfg = Release|x64
		{9DDAC601-CBD3-4583-AE16-308EBD39AAAD}.Release|x64.Build.0 = Release|x64
		{9DDAC601-CBD3-4583-AE16-308EBD39AAAD}.Release|x86.ActiveCfg = Release|x64
		{9DDAC601-CBD3-4583-AE16-308EBD39AAAD}.Release|x86.Build.0 = Release|x64
		{3CC23320-1FF0-41AF-9F3A-960C5F657C81}.Debug|x64.ActiveCfg = Debug|x64
		{3CC23320-1FF0-41AF-9F3A-960C5F657C81}.Debug|x64.Build.0 = Debug|x64
		{3CC23320-1FF0-41AF-9F3A-960C5F657C81}.Debug|x86.ActiveCfg = Debug|Win32
		{3CC23320-1FF0-41AF-9F3A-960C5F657C81}.Debug|x86.Build.0 = Debug|Win32
		{3CC23320-1FF0-41AF-9F3A-960C5F657C81}.Release|x64.ActiveCfg = Release|x64
		{3CC23320-1FF0-41AF-9F3A-960C5F657C81}.Release|x64.Build.0 = Release|x64
		{3CC23320-1FF0-41AF-9F3A-960C5F657C81}.Release|x86.ActiveCfg = Release|Win32
		{3CC23320-1FF0-41AF-9F3A-960C5F657C81}.Release|x86.Build.0 = Release|Win32
		{0682EB9B-E7F0-49C4-A7C9-0BBAF31591ED}.Debug|x64.ActiveCfg = Debug|x64
		{0682EB9B-E7F0-49C4-A7C9-0BBAF31591ED}.Debug|x64.Build.0 = Debug|x64
		{0682EB9B-E7F0-49C4-A7C9-0BBAF31591ED}.Debug|x86.ActiveCfg = Debug|x64
		{0682EB9B-E7F0-49C4-A7C9-0BBAF31591ED}.Debug|x86.Build.0 = Debug|x64
		{0682EB9B-E7F0-49C4-A7C9-0BBAF31591ED}.Release|x64.ActiveCfg = Release|x64
		{0682EB9B-E7F0-49C4-A7C9-0BBAF31591ED}.Release|x64.Build.0 = Release|x64
		{0682EB9B-E7F0-49C4-A7C9-0BBAF31591ED}.Release|x86.ActiveCfg = Release|x64
		{0682EB9B-E7F0-49C4-A7C9-0BBAF31591ED}.Release|x86.Build.0 = Release|x64
		{2364C44B-2E4D-4631-A050-B47509AFBC82}.Debug|x64.ActiveCfg = Debug|x64
		{2364C44B-2E4D-4631-A050-B47509AFBC82}.Debug|x64.Build.0 = Debug|x64
		{2364C44B-2E4D-4631-A050-B47509AFBC82}.Debug|x86.ActiveCfg = Debug|Win32
		{2364C44B-2E4D-4631-A050-B47509AFBC82}.Debug|x86.Build.0 = Debug|Win32
		{2364C44B-2E4D-4631-A050-B47509AFBC82}.Release|x64.ActiveCfg = Release|x64
		{2364C44B-2E4D-4631-A050-B47509AFBC82}.Release|x64.Build.0 = Release|x64
		{2364C44B-2E4D-4631-A050-B47509AFBC82}.Release|x86.ActiveCfg = Release|Win32
		{2364C44B-2E4D-4631-A050-B47509AFBC82}.Release|x86.Build.0 = Release|Win32
	EndGlobalSection
	GlobalSection(SolutionProperties) = preSolution
		HideSolutionNode = FALSE
	EndGlobalSection
	GlobalSection(ExtensibilityGlobals) = postSolution
		SolutionGuid = {96BE054E-67B7-425F-BFE5-E2208621B1C8}
	EndGlobalSection
EndGlobal
