<?xml version="1.0" encoding="utf-8"?>
<Project ToolsVersion="4.0" xmlns="http://schemas.microsoft.com/developer/msbuild/2003">
  <ItemGroup>
    <Filter Include="Resource Files">
      <UniqueIdentifier>{67DA6AB6-F800-4c08-8B7A-83BB121AAD01}</UniqueIdentifier>
      <Extensions>rc;ico;cur;bmp;dlg;rc2;rct;bin;rgs;gif;jpg;jpeg;jpe;resx;tiff;tif;png;wav;mfcribbon-ms</Extensions>
    </Filter>
    <Filter Include="Source Files">
      <UniqueIdentifier>{5c9bd453-0cb3-4c9a-98cd-54ffa61dac1e}</UniqueIdentifier>
    </Filter>
    <Filter Include="Header files">
      <UniqueIdentifier>{d5680ba7-cb3e-4150-b3b4-b7616600b1b2}</UniqueIdentifier>
    </Filter>
    <Filter Include="Configuration">
      <UniqueIdentifier>{1f7ee383-9487-43f1-b862-28187f796f34}</UniqueIdentifier>
    </Filter>
    <Filter Include="Runners">
      <UniqueIdentifier>{fc196677-7a27-456a-834e-51067f940663}</UniqueIdentifier>
    </Filter>
    <Filter Include="Runners\Header files">
      <UniqueIdentifier>{f1808274-0b39-41e0-b84c-a89edacf2d0d}</UniqueIdentifier>
    </Filter>
  </ItemGroup>
  <ItemGroup>
    <ClInclude Include="TestStep.h">
      <Filter>Header files</Filter>
    </ClInclude>
    <ClInclude Include="StreamBuffer.h">
      <Filter>Header files</Filter>
    </ClInclude>
    <ClInclude Include="Parameters.h">
      <Filter>Header files</Filter>
    </ClInclude>
    <ClInclude Include="Validate.h">
      <Filter>Header files</Filter>
    </ClInclude>
    <ClInclude Include="SearchVarDlg.h">
      <Filter>Header files</Filter>
    </ClInclude>
    <ClInclude Include="resource.h">
      <Filter>Resource Files</Filter>
    </ClInclude>
    <ClInclude Include="StepResult.h">
      <Filter>Header files</Filter>
    </ClInclude>
    <ClInclude Include="TestSuite.h">
      <Filter>Header files</Filter>
    </ClInclude>
    <ClInclude Include="TestSet.h">
      <Filter>Header files</Filter>
    </ClInclude>
    <ClInclude Include="GetExePath.h">
      <Filter>Header files</Filter>
    </ClInclude>
    <ClInclude Include="StartProgram.h">
      <Filter>Header files</Filter>
    </ClInclude>
    <ClInclude Include="ExtraMessages.h">
      <Filter>Header files</Filter>
    </ClInclude>
    <ClInclude Include="TestStepCMD.h">
      <Filter>Header files</Filter>
    </ClInclude>
    <ClInclude Include="ExtraExtensions.h">
      <Filter>Header files</Filter>
    </ClInclude>
    <ClInclude Include="TestStepNET.h">
      <Filter>Header files</Filter>
    </ClInclude>
    <ClInclude Include="TestMessages.h">
      <Filter>Header files</Filter>
    </ClInclude>
    <ClInclude Include="StepResultCMD.h">
      <Filter>Header files</Filter>
    </ClInclude>
    <ClInclude Include="StepResultNET.h">
      <Filter>Header files</Filter>
    </ClInclude>
    <ClInclude Include="SuiteLibrary.h" />
    <ClInclude Include="ValidateCMD.h">
      <Filter>Header files</Filter>
    </ClInclude>
    <ClInclude Include="ValidateNET.h">
      <Filter>Header files</Filter>
    </ClInclude>
    <ClInclude Include="AboutDlg.h">
      <Filter>Header files</Filter>
    </ClInclude>
    <ClInclude Include="NewVariableDlg.h">
      <Filter>Header files</Filter>
    </ClInclude>
    <ClInclude Include="ResetAll.h">
      <Filter>Header files</Filter>
    </ClInclude>
    <ClInclude Include="GlobalFileDlg.h">
      <Filter>Header files</Filter>
    </ClInclude>
    <ClInclude Include="stdafx.h">
      <Filter>Configuration</Filter>
    </ClInclude>
    <ClInclude Include="targetver.h">
      <Filter>Configuration</Filter>
    </ClInclude>
    <ClInclude Include="framework.h">
      <Filter>Configuration</Filter>
    </ClInclude>
    <ClInclude Include="TestStepSQL.h">
      <Filter>Header files</Filter>
    </ClInclude>
    <ClInclude Include="StepResultSQL.h">
      <Filter>Header files</Filter>
    </ClInclude>
    <ClInclude Include="ValidateSQL.h">
      <Filter>Header files</Filter>
    </ClInclude>
    <ClInclude Include="TestReport.h">
      <Filter>Header files</Filter>
    </ClInclude>
    <ClInclude Include="TestStepWIN.h">
      <Filter>Header files</Filter>
    </ClInclude>
    <ClInclude Include="ValidateWIN.h">
      <Filter>Header files</Filter>
    </ClInclude>
    <ClInclude Include="CMDRunner.h">
      <Filter>Runners\Header files</Filter>
    </ClInclude>
    <ClInclude Include="TestRunner.h">
      <Filter>Runners\Header files</Filter>
    </ClInclude>
    <ClInclude Include="SQLRunner.h">
      <Filter>Runners\Header files</Filter>
    </ClInclude>
    <ClInclude Include="NETRunner.h">
      <Filter>Runners\Header files</Filter>
    </ClInclude>
    <ClInclude Include="WINRunner.h">
      <Filter>Runners\Header files</Filter>
    </ClInclude>
    <ClInclude Include="StepResultWIN.h">
      <Filter>Header files</Filter>
    </ClInclude>
    <ClInclude Include="WinAction.h">
      <Filter>Header files</Filter>
    </ClInclude>
    <ClInclude Include="VirtualKeys.h">
      <Filter>Header files</Filter>
    </ClInclude>
    <ClInclude Include="Credentials.h">
      <Filter>Header files</Filter>
    </ClInclude>
  </ItemGroup>
  <ItemGroup>
    <ClCompile Include="TestStep.cpp">
      <Filter>Source Files</Filter>
    </ClCompile>
    <ClCompile Include="StreamBuffer.cpp">
      <Filter>Source Files</Filter>
    </ClCompile>
    <ClCompile Include="stdafx.cpp">
      <Filter>Source Files</Filter>
    </ClCompile>
    <ClCompile Include="Parameters.cpp">
      <Filter>Source Files</Filter>
    </ClCompile>
    <ClCompile Include="Validate.cpp">
      <Filter>Source Files</Filter>
    </ClCompile>
    <ClCompile Include="SearchVarDlg.cpp">
      <Filter>Source Files</Filter>
    </ClCompile>
    <ClCompile Include="StepResult.cpp">
      <Filter>Source Files</Filter>
    </ClCompile>
    <ClCompile Include="TestSuite.cpp">
      <Filter>Source Files</Filter>
    </ClCompile>
    <ClCompile Include="TestSet.cpp">
      <Filter>Source Files</Filter>
    </ClCompile>
    <ClCompile Include="GetExePath.cpp">
      <Filter>Source Files</Filter>
    </ClCompile>
    <ClCompile Include="StartProgram.cpp">
      <Filter>Source Files</Filter>
    </ClCompile>
    <ClCompile Include="TestStepCMD.cpp">
      <Filter>Source Files</Filter>
    </ClCompile>
    <ClCompile Include="TestStepNET.cpp">
      <Filter>Source Files</Filter>
    </ClCompile>
    <ClCompile Include="StepResultCMD.cpp">
      <Filter>Source Files</Filter>
    </ClCompile>
    <ClCompile Include="StepResultNET.cpp">
      <Filter>Source Files</Filter>
    </ClCompile>
    <ClCompile Include="ValidateCMD.cpp">
      <Filter>Source Files</Filter>
    </ClCompile>
    <ClCompile Include="ValidateNET.cpp">
      <Filter>Source Files</Filter>
    </ClCompile>
    <ClCompile Include="AboutDlg.cpp">
      <Filter>Source Files</Filter>
    </ClCompile>
    <ClCompile Include="NewVariableDlg.cpp">
      <Filter>Source Files</Filter>
    </ClCompile>
    <ClCompile Include="ResetAll.cpp">
      <Filter>Source Files</Filter>
    </ClCompile>
    <ClCompile Include="GlobalFileDlg.cpp">
      <Filter>Source Files</Filter>
    </ClCompile>
    <ClCompile Include="TestStepSQL.cpp">
      <Filter>Source Files</Filter>
    </ClCompile>
    <ClCompile Include="StepResultSQL.cpp">
      <Filter>Source Files</Filter>
    </ClCompile>
    <ClCompile Include="ValidateSQL.cpp">
      <Filter>Source Files</Filter>
    </ClCompile>
    <ClCompile Include="TestReport.cpp">
      <Filter>Source Files</Filter>
    </ClCompile>
    <ClCompile Include="TestStepWIN.cpp">
      <Filter>Source Files</Filter>
    </ClCompile>
    <ClCompile Include="ValidateWIN.cpp">
      <Filter>Source Files</Filter>
    </ClCompile>
    <ClCompile Include="SQLRunner.cpp">
      <Filter>Runners</Filter>
    </ClCompile>
    <ClCompile Include="CMDRunner.cpp">
      <Filter>Runners</Filter>
    </ClCompile>
    <ClCompile Include="NETRunner.cpp">
      <Filter>Runners</Filter>
    </ClCompile>
    <ClCompile Include="TestRunner.cpp">
      <Filter>Runners</Filter>
    </ClCompile>
    <ClCompile Include="WINRunner.cpp">
      <Filter>Runners</Filter>
    </ClCompile>
    <ClCompile Include="StepResultWIN.cpp">
      <Filter>Source Files</Filter>
    </ClCompile>
    <ClCompile Include="WinAction.cpp">
      <Filter>Source Files</Filter>
    </ClCompile>
    <ClCompile Include="VirtualKeys.cpp">
      <Filter>Source Files</Filter>
    </ClCompile>
    <ClCompile Include="Credentials.cpp">
      <Filter>Source Files</Filter>
    </ClCompile>
  </ItemGroup>
  <ItemGroup>
    <ResourceCompile Include="SuiteLibrary.rc">
      <Filter>Resource Files</Filter>
    </ResourceCompile>
  </ItemGroup>
  <ItemGroup>
    <Image Include="res\TestEditor.ico">
      <Filter>Resource Files</Filter>
    </Image>
    <Image Include="res\icon1.ico">
      <Filter>Resource Files</Filter>
    </Image>
    <Image Include="res\bitmap1.bmp">
      <Filter>Resource Files</Filter>
    </Image>
    <Image Include="res\new.ico">
      <Filter>Resource Files</Filter>
    </Image>
    <Image Include="res\icon2.ico">
      <Filter>Resource Files</Filter>
    </Image>
    <Image Include="res\remove.ico">
      <Filter>Resource Files</Filter>
    </Image>
  </ItemGroup>
</Project>